
Microsoft Visual Studio Solution File, Format Version 12.00
# Visual Studio Version 17
VisualStudioVersion = 17.8.34309.116
MinimumVisualStudioVersion = 10.0.40219.1
Project("{9A19103F-16F7-4668-BE54-9A1E7A4F7556}") = "AWSLambdaIntegration", "AWSLambdaIntegration\AWSLambdaIntegration.csproj", "{206C8828-E40C-492B-8DA2-4E706E09A32D}"
EndProject
Global
	GlobalSection(SolutionConfigurationPlatforms) = preSolution
		Debug|Any CPU = Debug|Any CPU
		Release|Any CPU = Release|Any CPU
	EndGlobalSection
	GlobalSection(ProjectConfigurationPlatforms) = postSolution
		{206C8828-E40C-492B-8DA2-4E706E09A32D}.Debug|Any CPU.ActiveCfg = Debug|Any CPU
		{206C8828-E40C-492B-8DA2-4E706E09A32D}.Debug|Any CPU.Build.0 = Debug|Any CPU
		{206C8828-E40C-492B-8DA2-4E706E09A32D}.Release|Any CPU.ActiveCfg = Release|Any CPU
		{206C8828-E40C-492B-8DA2-4E706E09A32D}.Release|Any CPU.Build.0 = Release|Any CPU
	EndGlobalSection
	GlobalSection(SolutionProperties) = preSolution
		HideSolutionNode = FALSE
	EndGlobalSection
	GlobalSection(ExtensibilityGlobals) = postSolution
		SolutionGuid = {BE2833A9-9803-4919-8A52-854EA06A1F7E}
	EndGlobalSection
EndGlobal
